// !$*UTF8*$!
{
	archiveVersion = 1;
	classes = {
	};
	objectVersion = 51;
	objects = {

/* Begin PBXBuildFile section */
		072810F007860DCF5F356FC5 /* Pods_Instagram.framework in Frameworks */ = {isa = PBXBuildFile; fileRef = C9051D1790A84A46C217ACB0 /* Pods_Instagram.framework */; };
		EE8B22282694BC9400E227DD /* AppDelegate.swift in Sources */ = {isa = PBXBuildFile; fileRef = EE8B22272694BC9400E227DD /* AppDelegate.swift */; };
		EE8B222A2694BC9400E227DD /* SceneDelegate.swift in Sources */ = {isa = PBXBuildFile; fileRef = EE8B22292694BC9400E227DD /* SceneDelegate.swift */; };
		EE8B222C2694BC9400E227DD /* HomeViewController.swift in Sources */ = {isa = PBXBuildFile; fileRef = EE8B222B2694BC9400E227DD /* HomeViewController.swift */; };
		EE8B222F2694BC9400E227DD /* Main.storyboard in Resources */ = {isa = PBXBuildFile; fileRef = EE8B222D2694BC9400E227DD /* Main.storyboard */; };
		EE8B22312694BCA300E227DD /* Assets.xcassets in Resources */ = {isa = PBXBuildFile; fileRef = EE8B22302694BCA300E227DD /* Assets.xcassets */; };
		EE8B22342694BCA300E227DD /* LaunchScreen.storyboard in Resources */ = {isa = PBXBuildFile; fileRef = EE8B22322694BCA300E227DD /* LaunchScreen.storyboard */; };
		EE8B22412694C17900E227DD /* ExploreViewController.swift in Sources */ = {isa = PBXBuildFile; fileRef = EE8B22402694C17900E227DD /* ExploreViewController.swift */; };
		EE8B22432694C1C200E227DD /* CameraViewController.swift in Sources */ = {isa = PBXBuildFile; fileRef = EE8B22422694C1C200E227DD /* CameraViewController.swift */; };
		EE8B22452694C21500E227DD /* NotificationsViewController.swift in Sources */ = {isa = PBXBuildFile; fileRef = EE8B22442694C21500E227DD /* NotificationsViewController.swift */; };
		EE8B22472694C27D00E227DD /* ProfileViewController.swift in Sources */ = {isa = PBXBuildFile; fileRef = EE8B22462694C27D00E227DD /* ProfileViewController.swift */; };
		EE8B224C2694C3C000E227DD /* LoginViewController.swift in Sources */ = {isa = PBXBuildFile; fileRef = EE8B224B2694C3C000E227DD /* LoginViewController.swift */; };
		EE8B224E2694C3EC00E227DD /* RegisterViewController.swift in Sources */ = {isa = PBXBuildFile; fileRef = EE8B224D2694C3EC00E227DD /* RegisterViewController.swift */; };
		EE8B22502694C4E200E227DD /* PostViewController.swift in Sources */ = {isa = PBXBuildFile; fileRef = EE8B224F2694C4E200E227DD /* PostViewController.swift */; };
		EE8B22522694C5CF00E227DD /* EditProfileViewController.swift in Sources */ = {isa = PBXBuildFile; fileRef = EE8B22512694C5CF00E227DD /* EditProfileViewController.swift */; };
		EE8B22542694C5EF00E227DD /* SettingsViewController.swift in Sources */ = {isa = PBXBuildFile; fileRef = EE8B22532694C5EF00E227DD /* SettingsViewController.swift */; };
		EE8B22562694C61E00E227DD /* ListViewController.swift in Sources */ = {isa = PBXBuildFile; fileRef = EE8B22552694C61E00E227DD /* ListViewController.swift */; };
		EE8B22582694C66F00E227DD /* SearchViewController.swift in Sources */ = {isa = PBXBuildFile; fileRef = EE8B22572694C66F00E227DD /* SearchViewController.swift */; };
		EE8B225A2694C69E00E227DD /* SearchResultsViewController.swift in Sources */ = {isa = PBXBuildFile; fileRef = EE8B22592694C69E00E227DD /* SearchResultsViewController.swift */; };
		EE8B225C2694C70600E227DD /* PostEditorViewController.swift in Sources */ = {isa = PBXBuildFile; fileRef = EE8B225B2694C70600E227DD /* PostEditorViewController.swift */; };
		EE8B225E2694C74B00E227DD /* PublishPostViewController.swift in Sources */ = {isa = PBXBuildFile; fileRef = EE8B225D2694C74B00E227DD /* PublishPostViewController.swift */; };
		EEF504EC26976E020065DAF1 /* GoogleService-Info.plist in Resources */ = {isa = PBXBuildFile; fileRef = EEF504EB26976E020065DAF1 /* GoogleService-Info.plist */; };
		EEF504F0269775AE0065DAF1 /* DatabaseManager.swift in Sources */ = {isa = PBXBuildFile; fileRef = EEF504EF269775AE0065DAF1 /* DatabaseManager.swift */; };
		EEF504F2269777900065DAF1 /* AuthManager.swift in Sources */ = {isa = PBXBuildFile; fileRef = EEF504F1269777900065DAF1 /* AuthManager.swift */; };
		EEF504F4269778210065DAF1 /* StorageManager.swift in Sources */ = {isa = PBXBuildFile; fileRef = EEF504F3269778210065DAF1 /* StorageManager.swift */; };
/* End PBXBuildFile section */

/* Begin PBXFileReference section */
		1C138DE5B18A445C06DDC84B /* Pods-Instagram.debug.xcconfig */ = {isa = PBXFileReference; includeInIndex = 1; lastKnownFileType = text.xcconfig; name = "Pods-Instagram.debug.xcconfig"; path = "Target Support Files/Pods-Instagram/Pods-Instagram.debug.xcconfig"; sourceTree = "<group>"; };
		86EC2D11F41AE8455991058C /* Pods-Instagram.release.xcconfig */ = {isa = PBXFileReference; includeInIndex = 1; lastKnownFileType = text.xcconfig; name = "Pods-Instagram.release.xcconfig"; path = "Target Support Files/Pods-Instagram/Pods-Instagram.release.xcconfig"; sourceTree = "<group>"; };
		C9051D1790A84A46C217ACB0 /* Pods_Instagram.framework */ = {isa = PBXFileReference; explicitFileType = wrapper.framework; includeInIndex = 0; path = Pods_Instagram.framework; sourceTree = BUILT_PRODUCTS_DIR; };
		EE8B22242694BC9400E227DD /* Instagram.app */ = {isa = PBXFileReference; explicitFileType = wrapper.application; includeInIndex = 0; path = Instagram.app; sourceTree = BUILT_PRODUCTS_DIR; };
		EE8B22272694BC9400E227DD /* AppDelegate.swift */ = {isa = PBXFileReference; lastKnownFileType = sourcecode.swift; path = AppDelegate.swift; sourceTree = "<group>"; };
		EE8B22292694BC9400E227DD /* SceneDelegate.swift */ = {isa = PBXFileReference; lastKnownFileType = sourcecode.swift; path = SceneDelegate.swift; sourceTree = "<group>"; };
		EE8B222B2694BC9400E227DD /* HomeViewController.swift */ = {isa = PBXFileReference; lastKnownFileType = sourcecode.swift; path = HomeViewController.swift; sourceTree = "<group>"; };
		EE8B222E2694BC9400E227DD /* Base */ = {isa = PBXFileReference; lastKnownFileType = file.storyboard; name = Base; path = Base.lproj/Main.storyboard; sourceTree = "<group>"; };
		EE8B22302694BCA300E227DD /* Assets.xcassets */ = {isa = PBXFileReference; lastKnownFileType = folder.assetcatalog; path = Assets.xcassets; sourceTree = "<group>"; };
		EE8B22332694BCA300E227DD /* Base */ = {isa = PBXFileReference; lastKnownFileType = file.storyboard; name = Base; path = Base.lproj/LaunchScreen.storyboard; sourceTree = "<group>"; };
		EE8B22352694BCA300E227DD /* Info.plist */ = {isa = PBXFileReference; lastKnownFileType = text.plist.xml; path = Info.plist; sourceTree = "<group>"; };
		EE8B22402694C17900E227DD /* ExploreViewController.swift */ = {isa = PBXFileReference; lastKnownFileType = sourcecode.swift; path = ExploreViewController.swift; sourceTree = "<group>"; };
		EE8B22422694C1C200E227DD /* CameraViewController.swift */ = {isa = PBXFileReference; lastKnownFileType = sourcecode.swift; path = CameraViewController.swift; sourceTree = "<group>"; };
		EE8B22442694C21500E227DD /* NotificationsViewController.swift */ = {isa = PBXFileReference; lastKnownFileType = sourcecode.swift; path = NotificationsViewController.swift; sourceTree = "<group>"; };
		EE8B22462694C27D00E227DD /* ProfileViewController.swift */ = {isa = PBXFileReference; lastKnownFileType = sourcecode.swift; path = ProfileViewController.swift; sourceTree = "<group>"; };
		EE8B224B2694C3C000E227DD /* LoginViewController.swift */ = {isa = PBXFileReference; lastKnownFileType = sourcecode.swift; path = LoginViewController.swift; sourceTree = "<group>"; };
		EE8B224D2694C3EC00E227DD /* RegisterViewController.swift */ = {isa = PBXFileReference; lastKnownFileType = sourcecode.swift; path = RegisterViewController.swift; sourceTree = "<group>"; };
		EE8B224F2694C4E200E227DD /* PostViewController.swift */ = {isa = PBXFileReference; lastKnownFileType = sourcecode.swift; path = PostViewController.swift; sourceTree = "<group>"; };
		EE8B22512694C5CF00E227DD /* EditProfileViewController.swift */ = {isa = PBXFileReference; lastKnownFileType = sourcecode.swift; path = EditProfileViewController.swift; sourceTree = "<group>"; };
		EE8B22532694C5EF00E227DD /* SettingsViewController.swift */ = {isa = PBXFileReference; lastKnownFileType = sourcecode.swift; path = SettingsViewController.swift; sourceTree = "<group>"; };
		EE8B22552694C61E00E227DD /* ListViewController.swift */ = {isa = PBXFileReference; lastKnownFileType = sourcecode.swift; path = ListViewController.swift; sourceTree = "<group>"; };
		EE8B22572694C66F00E227DD /* SearchViewController.swift */ = {isa = PBXFileReference; lastKnownFileType = sourcecode.swift; path = SearchViewController.swift; sourceTree = "<group>"; };
		EE8B22592694C69E00E227DD /* SearchResultsViewController.swift */ = {isa = PBXFileReference; lastKnownFileType = sourcecode.swift; path = SearchResultsViewController.swift; sourceTree = "<group>"; };
		EE8B225B2694C70600E227DD /* PostEditorViewController.swift */ = {isa = PBXFileReference; lastKnownFileType = sourcecode.swift; path = PostEditorViewController.swift; sourceTree = "<group>"; };
		EE8B225D2694C74B00E227DD /* PublishPostViewController.swift */ = {isa = PBXFileReference; lastKnownFileType = sourcecode.swift; path = PublishPostViewController.swift; sourceTree = "<group>"; };
		EEF504EB26976E020065DAF1 /* GoogleService-Info.plist */ = {isa = PBXFileReference; fileEncoding = 4; lastKnownFileType = text.plist.xml; path = "GoogleService-Info.plist"; sourceTree = "<group>"; };
		EEF504EF269775AE0065DAF1 /* DatabaseManager.swift */ = {isa = PBXFileReference; lastKnownFileType = sourcecode.swift; path = DatabaseManager.swift; sourceTree = "<group>"; };
		EEF504F1269777900065DAF1 /* AuthManager.swift */ = {isa = PBXFileReference; lastKnownFileType = sourcecode.swift; path = AuthManager.swift; sourceTree = "<group>"; };
		EEF504F3269778210065DAF1 /* StorageManager.swift */ = {isa = PBXFileReference; lastKnownFileType = sourcecode.swift; path = StorageManager.swift; sourceTree = "<group>"; };
/* End PBXFileReference section */

/* Begin PBXFrameworksBuildPhase section */
		EE8B22212694BC9400E227DD /* Frameworks */ = {
			isa = PBXFrameworksBuildPhase;
			buildActionMask = 2147483647;
			files = (
				072810F007860DCF5F356FC5 /* Pods_Instagram.framework in Frameworks */,
			);
			runOnlyForDeploymentPostprocessing = 0;
		};
/* End PBXFrameworksBuildPhase section */

/* Begin PBXGroup section */
		7BF189EC1324664A3D52FB69 /* Frameworks */ = {
			isa = PBXGroup;
			children = (
				C9051D1790A84A46C217ACB0 /* Pods_Instagram.framework */,
			);
			name = Frameworks;
			sourceTree = "<group>";
		};
		84F5424BFF1D8852DA6662D0 /* Pods */ = {
			isa = PBXGroup;
			children = (
				1C138DE5B18A445C06DDC84B /* Pods-Instagram.debug.xcconfig */,
				86EC2D11F41AE8455991058C /* Pods-Instagram.release.xcconfig */,
			);
			path = Pods;
			sourceTree = "<group>";
		};
		EE8B221B2694BC9400E227DD = {
			isa = PBXGroup;
			children = (
				EE8B22262694BC9400E227DD /* Instagram */,
				EE8B22252694BC9400E227DD /* Products */,
				84F5424BFF1D8852DA6662D0 /* Pods */,
				7BF189EC1324664A3D52FB69 /* Frameworks */,
			);
			sourceTree = "<group>";
		};
		EE8B22252694BC9400E227DD /* Products */ = {
			isa = PBXGroup;
			children = (
				EE8B22242694BC9400E227DD /* Instagram.app */,
			);
			name = Products;
			sourceTree = "<group>";
		};
		EE8B22262694BC9400E227DD /* Instagram */ = {
			isa = PBXGroup;
			children = (
				EE8B223E2694BDFF00E227DD /* Resources */,
				EE8B223D2694BDC600E227DD /* Models */,
				EE8B223C2694BD6200E227DD /* Views */,
				EE8B223B2694BD3400E227DD /* Controllers */,
				EE8B22352694BCA300E227DD /* Info.plist */,
			);
			path = Instagram;
			sourceTree = "<group>";
		};
		EE8B223B2694BD3400E227DD /* Controllers */ = {
			isa = PBXGroup;
			children = (
				EE8B22492694C37900E227DD /* Other */,
				EE8B22482694C31A00E227DD /* Core Tabs */,
			);
			path = Controllers;
			sourceTree = "<group>";
		};
		EE8B223C2694BD6200E227DD /* Views */ = {
			isa = PBXGroup;
			children = (
				EE8B223F2694BEF500E227DD /* Storyboards */,
				EE8B22302694BCA300E227DD /* Assets.xcassets */,
			);
			path = Views;
			sourceTree = "<group>";
		};
		EE8B223D2694BDC600E227DD /* Models */ = {
			isa = PBXGroup;
			children = (
			);
			path = Models;
			sourceTree = "<group>";
		};
		EE8B223E2694BDFF00E227DD /* Resources */ = {
			isa = PBXGroup;
			children = (
				EEF504EB26976E020065DAF1 /* GoogleService-Info.plist */,
				EE8B22272694BC9400E227DD /* AppDelegate.swift */,
				EE8B22292694BC9400E227DD /* SceneDelegate.swift */,
				EEF504EF269775AE0065DAF1 /* DatabaseManager.swift */,
				EEF504F1269777900065DAF1 /* AuthManager.swift */,
				EEF504F3269778210065DAF1 /* StorageManager.swift */,
			);
			path = Resources;
			sourceTree = "<group>";
		};
		EE8B223F2694BEF500E227DD /* Storyboards */ = {
			isa = PBXGroup;
			children = (
				EE8B222D2694BC9400E227DD /* Main.storyboard */,
				EE8B22322694BCA300E227DD /* LaunchScreen.storyboard */,
			);
			path = Storyboards;
			sourceTree = "<group>";
		};
		EE8B22482694C31A00E227DD /* Core Tabs */ = {
			isa = PBXGroup;
			children = (
				EE8B222B2694BC9400E227DD /* HomeViewController.swift */,
				EE8B22402694C17900E227DD /* ExploreViewController.swift */,
				EE8B22422694C1C200E227DD /* CameraViewController.swift */,
				EE8B22442694C21500E227DD /* NotificationsViewController.swift */,
				EE8B22462694C27D00E227DD /* ProfileViewController.swift */,
			);
			path = "Core Tabs";
			sourceTree = "<group>";
		};
		EE8B22492694C37900E227DD /* Other */ = {
			isa = PBXGroup;
			children = (
				EE8B224A2694C39000E227DD /* Onboarding */,
				EEF504EE2697746D0065DAF1 /* General */,
			);
			path = Other;
			sourceTree = "<group>";
		};
		EE8B224A2694C39000E227DD /* Onboarding */ = {
			isa = PBXGroup;
			children = (
				EE8B224B2694C3C000E227DD /* LoginViewController.swift */,
				EE8B224D2694C3EC00E227DD /* RegisterViewController.swift */,
			);
			path = Onboarding;
			sourceTree = "<group>";
		};
		EEF504EE2697746D0065DAF1 /* General */ = {
			isa = PBXGroup;
			children = (
				EE8B224F2694C4E200E227DD /* PostViewController.swift */,
				EE8B22512694C5CF00E227DD /* EditProfileViewController.swift */,
				EE8B22532694C5EF00E227DD /* SettingsViewController.swift */,
				EE8B22552694C61E00E227DD /* ListViewController.swift */,
				EE8B22572694C66F00E227DD /* SearchViewController.swift */,
				EE8B22592694C69E00E227DD /* SearchResultsViewController.swift */,
				EE8B225B2694C70600E227DD /* PostEditorViewController.swift */,
				EE8B225D2694C74B00E227DD /* PublishPostViewController.swift */,
			);
			path = General;
			sourceTree = "<group>";
		};
/* End PBXGroup section */

/* Begin PBXNativeTarget section */
		EE8B22232694BC9400E227DD /* Instagram */ = {
			isa = PBXNativeTarget;
			buildConfigurationList = EE8B22382694BCA300E227DD /* Build configuration list for PBXNativeTarget "Instagram" */;
			buildPhases = (
				0764F592C7DBB0FD8B2009B3 /* [CP] Check Pods Manifest.lock */,
				EE8B22202694BC9400E227DD /* Sources */,
				EE8B22212694BC9400E227DD /* Frameworks */,
				EE8B22222694BC9400E227DD /* Resources */,
				1511AC3D240EC2D32E00056B /* [CP] Embed Pods Frameworks */,
			);
			buildRules = (
			);
			dependencies = (
			);
			name = Instagram;
			productName = Instagram;
			productReference = EE8B22242694BC9400E227DD /* Instagram.app */;
			productType = "com.apple.product-type.application";
		};
/* End PBXNativeTarget section */

/* Begin PBXProject section */
		EE8B221C2694BC9400E227DD /* Project object */ = {
			isa = PBXProject;
			attributes = {
				LastSwiftUpdateCheck = 1150;
				LastUpgradeCheck = 1150;
				ORGANIZATIONNAME = "JOEL CRAWFORD";
				TargetAttributes = {
					EE8B22232694BC9400E227DD = {
						CreatedOnToolsVersion = 11.5;
					};
				};
			};
			buildConfigurationList = EE8B221F2694BC9400E227DD /* Build configuration list for PBXProject "Instagram" */;
			compatibilityVersion = "Xcode 9.3";
			developmentRegion = en;
			hasScannedForEncodings = 0;
			knownRegions = (
				en,
				Base,
			);
			mainGroup = EE8B221B2694BC9400E227DD;
			productRefGroup = EE8B22252694BC9400E227DD /* Products */;
			projectDirPath = "";
			projectRoot = "";
			targets = (
				EE8B22232694BC9400E227DD /* Instagram */,
			);
		};
/* End PBXProject section */

/* Begin PBXResourcesBuildPhase section */
		EE8B22222694BC9400E227DD /* Resources */ = {
			isa = PBXResourcesBuildPhase;
			buildActionMask = 2147483647;
			files = (
				EE8B22342694BCA300E227DD /* LaunchScreen.storyboard in Resources */,
				EEF504EC26976E020065DAF1 /* GoogleService-Info.plist in Resources */,
				EE8B22312694BCA300E227DD /* Assets.xcassets in Resources */,
				EE8B222F2694BC9400E227DD /* Main.storyboard in Resources */,
			);
			runOnlyForDeploymentPostprocessing = 0;
		};
/* End PBXResourcesBuildPhase section */

/* Begin PBXShellScriptBuildPhase section */
		0764F592C7DBB0FD8B2009B3 /* [CP] Check Pods Manifest.lock */ = {
			isa = PBXShellScriptBuildPhase;
			buildActionMask = 2147483647;
			files = (
			);
			inputFileListPaths = (
			);
			inputPaths = (
				"${PODS_PODFILE_DIR_PATH}/Podfile.lock",
				"${PODS_ROOT}/Manifest.lock",
			);
			name = "[CP] Check Pods Manifest.lock";
			outputFileListPaths = (
			);
			outputPaths = (
				"$(DERIVED_FILE_DIR)/Pods-Instagram-checkManifestLockResult.txt",
			);
			runOnlyForDeploymentPostprocessing = 0;
			shellPath = /bin/sh;
			shellScript = "diff \"${PODS_PODFILE_DIR_PATH}/Podfile.lock\" \"${PODS_ROOT}/Manifest.lock\" > /dev/null\nif [ $? != 0 ] ; then\n    # print error to STDERR\n    echo \"error: The sandbox is not in sync with the Podfile.lock. Run 'pod install' or update your CocoaPods installation.\" >&2\n    exit 1\nfi\n# This output is used by Xcode 'outputs' to avoid re-running this script phase.\necho \"SUCCESS\" > \"${SCRIPT_OUTPUT_FILE_0}\"\n";
			showEnvVarsInLog = 0;
		};
		1511AC3D240EC2D32E00056B /* [CP] Embed Pods Frameworks */ = {
			isa = PBXShellScriptBuildPhase;
			buildActionMask = 2147483647;
			files = (
			);
			inputFileListPaths = (
				"${PODS_ROOT}/Target Support Files/Pods-Instagram/Pods-Instagram-frameworks-${CONFIGURATION}-input-files.xcfilelist",
			);
			name = "[CP] Embed Pods Frameworks";
			outputFileListPaths = (
				"${PODS_ROOT}/Target Support Files/Pods-Instagram/Pods-Instagram-frameworks-${CONFIGURATION}-output-files.xcfilelist",
			);
			runOnlyForDeploymentPostprocessing = 0;
			shellPath = /bin/sh;
			shellScript = "\"${PODS_ROOT}/Target Support Files/Pods-Instagram/Pods-Instagram-frameworks.sh\"\n";
			showEnvVarsInLog = 0;
		};
/* End PBXShellScriptBuildPhase section */

/* Begin PBXSourcesBuildPhase section */
		EE8B22202694BC9400E227DD /* Sources */ = {
			isa = PBXSourcesBuildPhase;
			buildActionMask = 2147483647;
			files = (
				EE8B22522694C5CF00E227DD /* EditProfileViewController.swift in Sources */,
				EE8B224E2694C3EC00E227DD /* RegisterViewController.swift in Sources */,
				EE8B225E2694C74B00E227DD /* PublishPostViewController.swift in Sources */,
				EE8B22412694C17900E227DD /* ExploreViewController.swift in Sources */,
				EE8B22432694C1C200E227DD /* CameraViewController.swift in Sources */,
				EE8B225A2694C69E00E227DD /* SearchResultsViewController.swift in Sources */,
				EE8B225C2694C70600E227DD /* PostEditorViewController.swift in Sources */,
				EEF504F4269778210065DAF1 /* StorageManager.swift in Sources */,
				EE8B222C2694BC9400E227DD /* HomeViewController.swift in Sources */,
				EEF504F0269775AE0065DAF1 /* DatabaseManager.swift in Sources */,
				EE8B22502694C4E200E227DD /* PostViewController.swift in Sources */,
				EE8B22452694C21500E227DD /* NotificationsViewController.swift in Sources */,
				EE8B224C2694C3C000E227DD /* LoginViewController.swift in Sources */,
				EE8B22582694C66F00E227DD /* SearchViewController.swift in Sources */,
				EE8B22472694C27D00E227DD /* ProfileViewController.swift in Sources */,
				EEF504F2269777900065DAF1 /* AuthManager.swift in Sources */,
				EE8B22282694BC9400E227DD /* AppDelegate.swift in Sources */,
				EE8B222A2694BC9400E227DD /* SceneDelegate.swift in Sources */,
				EE8B22562694C61E00E227DD /* ListViewController.swift in Sources */,
				EE8B22542694C5EF00E227DD /* SettingsViewController.swift in Sources */,
			);
			runOnlyForDeploymentPostprocessing = 0;
		};
/* End PBXSourcesBuildPhase section */

/* Begin PBXVariantGroup section */
		EE8B222D2694BC9400E227DD /* Main.storyboard */ = {
			isa = PBXVariantGroup;
			children = (
				EE8B222E2694BC9400E227DD /* Base */,
			);
			name = Main.storyboard;
			sourceTree = "<group>";
		};
		EE8B22322694BCA300E227DD /* LaunchScreen.storyboard */ = {
			isa = PBXVariantGroup;
			children = (
				EE8B22332694BCA300E227DD /* Base */,
			);
			name = LaunchScreen.storyboard;
			sourceTree = "<group>";
		};
/* End PBXVariantGroup section */

/* Begin XCBuildConfiguration section */
		EE8B22362694BCA300E227DD /* Debug */ = {
			isa = XCBuildConfiguration;
			buildSettings = {
				ALWAYS_SEARCH_USER_PATHS = NO;
				CLANG_ANALYZER_NONNULL = YES;
				CLANG_ANALYZER_NUMBER_OBJECT_CONVERSION = YES_AGGRESSIVE;
				CLANG_CXX_LANGUAGE_STANDARD = "gnu++14";
				CLANG_CXX_LIBRARY = "libc++";
				CLANG_ENABLE_MODULES = YES;
				CLANG_ENABLE_OBJC_ARC = YES;
				CLANG_ENABLE_OBJC_WEAK = YES;
				CLANG_WARN_BLOCK_CAPTURE_AUTORELEASING = YES;
				CLANG_WARN_BOOL_CONVERSION = YES;
				CLANG_WARN_COMMA = YES;
				CLANG_WARN_CONSTANT_CONVERSION = YES;
				CLANG_WARN_DEPRECATED_OBJC_IMPLEMENTATIONS = YES;
				CLANG_WARN_DIRECT_OBJC_ISA_USAGE = YES_ERROR;
				CLANG_WARN_DOCUMENTATION_COMMENTS = YES;
				CLANG_WARN_EMPTY_BODY = YES;
				CLANG_WARN_ENUM_CONVERSION = YES;
				CLANG_WARN_INFINITE_RECURSION = YES;
				CLANG_WARN_INT_CONVERSION = YES;
				CLANG_WARN_NON_LITERAL_NULL_CONVERSION = YES;
				CLANG_WARN_OBJC_IMPLICIT_RETAIN_SELF = YES;
				CLANG_WARN_OBJC_LITERAL_CONVERSION = YES;
				CLANG_WARN_OBJC_ROOT_CLASS = YES_ERROR;
				CLANG_WARN_RANGE_LOOP_ANALYSIS = YES;
				CLANG_WARN_STRICT_PROTOTYPES = YES;
				CLANG_WARN_SUSPICIOUS_MOVE = YES;
				CLANG_WARN_UNGUARDED_AVAILABILITY = YES_AGGRESSIVE;
				CLANG_WARN_UNREACHABLE_CODE = YES;
				CLANG_WARN__DUPLICATE_METHOD_MATCH = YES;
				COPY_PHASE_STRIP = NO;
				DEBUG_INFORMATION_FORMAT = dwarf;
				ENABLE_STRICT_OBJC_MSGSEND = YES;
				ENABLE_TESTABILITY = YES;
				GCC_C_LANGUAGE_STANDARD = gnu11;
				GCC_DYNAMIC_NO_PIC = NO;
				GCC_NO_COMMON_BLOCKS = YES;
				GCC_OPTIMIZATION_LEVEL = 0;
				GCC_PREPROCESSOR_DEFINITIONS = (
					"DEBUG=1",
					"$(inherited)",
				);
				GCC_WARN_64_TO_32_BIT_CONVERSION = YES;
				GCC_WARN_ABOUT_RETURN_TYPE = YES_ERROR;
				GCC_WARN_UNDECLARED_SELECTOR = YES;
				GCC_WARN_UNINITIALIZED_AUTOS = YES_AGGRESSIVE;
				GCC_WARN_UNUSED_FUNCTION = YES;
				GCC_WARN_UNUSED_VARIABLE = YES;
				IPHONEOS_DEPLOYMENT_TARGET = 13.5;
				MTL_ENABLE_DEBUG_INFO = INCLUDE_SOURCE;
				MTL_FAST_MATH = YES;
				ONLY_ACTIVE_ARCH = YES;
				SDKROOT = iphoneos;
				SWIFT_ACTIVE_COMPILATION_CONDITIONS = DEBUG;
				SWIFT_OPTIMIZATION_LEVEL = "-Onone";
			};
			name = Debug;
		};
		EE8B22372694BCA300E227DD /* Release */ = {
			isa = XCBuildConfiguration;
			buildSettings = {
				ALWAYS_SEARCH_USER_PATHS = NO;
				CLANG_ANALYZER_NONNULL = YES;
				CLANG_ANALYZER_NUMBER_OBJECT_CONVERSION = YES_AGGRESSIVE;
				CLANG_CXX_LANGUAGE_STANDARD = "gnu++14";
				CLANG_CXX_LIBRARY = "libc++";
				CLANG_ENABLE_MODULES = YES;
				CLANG_ENABLE_OBJC_ARC = YES;
				CLANG_ENABLE_OBJC_WEAK = YES;
				CLANG_WARN_BLOCK_CAPTURE_AUTORELEASING = YES;
				CLANG_WARN_BOOL_CONVERSION = YES;
				CLANG_WARN_COMMA = YES;
				CLANG_WARN_CONSTANT_CONVERSION = YES;
				CLANG_WARN_DEPRECATED_OBJC_IMPLEMENTATIONS = YES;
				CLANG_WARN_DIRECT_OBJC_ISA_USAGE = YES_ERROR;
				CLANG_WARN_DOCUMENTATION_COMMENTS = YES;
				CLANG_WARN_EMPTY_BODY = YES;
				CLANG_WARN_ENUM_CONVERSION = YES;
				CLANG_WARN_INFINITE_RECURSION = YES;
				CLANG_WARN_INT_CONVERSION = YES;
				CLANG_WARN_NON_LITERAL_NULL_CONVERSION = YES;
				CLANG_WARN_OBJC_IMPLICIT_RETAIN_SELF = YES;
				CLANG_WARN_OBJC_LITERAL_CONVERSION = YES;
				CLANG_WARN_OBJC_ROOT_CLASS = YES_ERROR;
				CLANG_WARN_RANGE_LOOP_ANALYSIS = YES;
				CLANG_WARN_STRICT_PROTOTYPES = YES;
				CLANG_WARN_SUSPICIOUS_MOVE = YES;
				CLANG_WARN_UNGUARDED_AVAILABILITY = YES_AGGRESSIVE;
				CLANG_WARN_UNREACHABLE_CODE = YES;
				CLANG_WARN__DUPLICATE_METHOD_MATCH = YES;
				COPY_PHASE_STRIP = NO;
				DEBUG_INFORMATION_FORMAT = "dwarf-with-dsym";
				ENABLE_NS_ASSERTIONS = NO;
				ENABLE_STRICT_OBJC_MSGSEND = YES;
				GCC_C_LANGUAGE_STANDARD = gnu11;
				GCC_NO_COMMON_BLOCKS = YES;
				GCC_WARN_64_TO_32_BIT_CONVERSION = YES;
				GCC_WARN_ABOUT_RETURN_TYPE = YES_ERROR;
				GCC_WARN_UNDECLARED_SELECTOR = YES;
				GCC_WARN_UNINITIALIZED_AUTOS = YES_AGGRESSIVE;
				GCC_WARN_UNUSED_FUNCTION = YES;
				GCC_WARN_UNUSED_VARIABLE = YES;
				IPHONEOS_DEPLOYMENT_TARGET = 13.5;
				MTL_ENABLE_DEBUG_INFO = NO;
				MTL_FAST_MATH = YES;
				SDKROOT = iphoneos;
				SWIFT_COMPILATION_MODE = wholemodule;
				SWIFT_OPTIMIZATION_LEVEL = "-O";
				VALIDATE_PRODUCT = YES;
			};
			name = Release;
		};
		EE8B22392694BCA300E227DD /* Debug */ = {
			isa = XCBuildConfiguration;
			baseConfigurationReference = 1C138DE5B18A445C06DDC84B /* Pods-Instagram.debug.xcconfig */;
			buildSettings = {
				ASSETCATALOG_COMPILER_APPICON_NAME = AppIcon;
				CODE_SIGN_STYLE = Automatic;
				DEVELOPMENT_TEAM = NM8JJUDFSC;
				INFOPLIST_FILE = Instagram/Info.plist;
				LD_RUNPATH_SEARCH_PATHS = (
					"$(inherited)",
					"@executable_path/Frameworks",
				);
				PRODUCT_BUNDLE_IDENTIFIER = JIS.Instagram;
				PRODUCT_NAME = "$(TARGET_NAME)";
				SWIFT_VERSION = 5.0;
				TARGETED_DEVICE_FAMILY = "1,2";
			};
			name = Debug;
		};
		EE8B223A2694BCA300E227DD /* Release */ = {
			isa = XCBuildConfiguration;
			baseConfigurationReference = 86EC2D11F41AE8455991058C /* Pods-Instagram.release.xcconfig */;
			buildSettings = {
				ASSETCATALOG_COMPILER_APPICON_NAME = AppIcon;
				CODE_SIGN_STYLE = Automatic;
				DEVELOPMENT_TEAM = NM8JJUDFSC;
				INFOPLIST_FILE = Instagram/Info.plist;
				LD_RUNPATH_SEARCH_PATHS = (
					"$(inherited)",
					"@executable_path/Frameworks",
				);
				PRODUCT_BUNDLE_IDENTIFIER = JIS.Instagram;
				PRODUCT_NAME = "$(TARGET_NAME)";
				SWIFT_VERSION = 5.0;
				TARGETED_DEVICE_FAMILY = "1,2";
			};
			name = Release;
		};
/* End XCBuildConfiguration section */

/* Begin XCConfigurationList section */
		EE8B221F2694BC9400E227DD /* Build configuration list for PBXProject "Instagram" */ = {
			isa = XCConfigurationList;
			buildConfigurations = (
				EE8B22362694BCA300E227DD /* Debug */,
				EE8B22372694BCA300E227DD /* Release */,
			);
			defaultConfigurationIsVisible = 0;
			defaultConfigurationName = Release;
		};
		EE8B22382694BCA300E227DD /* Build configuration list for PBXNativeTarget "Instagram" */ = {
			isa = XCConfigurationList;
			buildConfigurations = (
				EE8B22392694BCA300E227DD /* Debug */,
				EE8B223A2694BCA300E227DD /* Release */,
			);
			defaultConfigurationIsVisible = 0;
			defaultConfigurationName = Release;
		};
/* End XCConfigurationList section */
	};
	rootObject = EE8B221C2694BC9400E227DD /* Project object */;
}
